
Microsoft Visual Studio Solution File, Format Version 12.00
# Visual Studio Version 17
VisualStudioVersion = 17.4.33103.184
MinimumVisualStudioVersion = 10.0.40219.1
Project("{9A19103F-16F7-4668-BE54-9A1E7A4F7556}") = "NexNet", "NexNet\NexNet.csproj", "{8E69A6EA-2653-44C2-95FB-CE451BDE0BB8}"
EndProject
Project("{9A19103F-16F7-4668-BE54-9A1E7A4F7556}") = "NexNetDemo", "NexNetDemo\NexNetDemo.csproj", "{7BD1E00B-EC4F-4DEF-B029-9376E81E9C90}"
EndProject
Project("{9A19103F-16F7-4668-BE54-9A1E7A4F7556}") = "NexNet.IntegrationTests", "NexNet.IntegrationTests\NexNet.IntegrationTests.csproj", "{C82D972D-E2A1-482D-8173-FD26DB263D6C}"
EndProject
Project("{9A19103F-16F7-4668-BE54-9A1E7A4F7556}") = "NexNet.Generator", "NexNet.Generator\NexNet.Generator.csproj", "{5676E2D7-9104-4AE0-B29A-D914209CA4D3}"
EndProject
Project("{9A19103F-16F7-4668-BE54-9A1E7A4F7556}") = "NexNet.Generator.Tests", "NexNet.Generator.Tests\NexNet.Generator.Tests.csproj", "{156ED4BC-EF04-4230-9AED-7E1058130BB5}"
EndProject
Project("{2150E333-8FDC-42A3-9474-1A3956D46DE8}") = "github", "github", "{AFD63E22-F3AE-48D4-91F9-53513F176A46}"
	ProjectSection(SolutionItems) = preProject
		..\.github\workflows\dotnet.yml = ..\.github\workflows\dotnet.yml
	EndProjectSection
EndProject
Project("{9A19103F-16F7-4668-BE54-9A1E7A4F7556}") = "NexNet.Quic", "NexNet.Quic\NexNet.Quic.csproj", "{AB75B6D0-0DC0-4E3A-A3A7-320DFB6B09C5}"
EndProject
Project("{2150E333-8FDC-42A3-9474-1A3956D46DE8}") = "Solution Items", "Solution Items", "{4EEEFB00-3BF5-4A0C-8DF6-8B405BD2E2A5}"
	ProjectSection(SolutionItems) = preProject
		NexNet.props = NexNet.props
	EndProjectSection
EndProject
Project("{FAE04EC0-301F-11D3-BF4B-00C04F79EFBC}") = "NexNetBenchmarks", "NexNetBenchmarks\NexNetBenchmarks.csproj", "{601A50B4-E03D-423F-A1FF-99805719C409}"
EndProject
Global
	GlobalSection(SolutionConfigurationPlatforms) = preSolution
		Debug|Any CPU = Debug|Any CPU
		Release|Any CPU = Release|Any CPU
	EndGlobalSection
	GlobalSection(ProjectConfigurationPlatforms) = postSolution
		{8E69A6EA-2653-44C2-95FB-CE451BDE0BB8}.Debug|Any CPU.ActiveCfg = Debug|Any CPU
		{8E69A6EA-2653-44C2-95FB-CE451BDE0BB8}.Debug|Any CPU.Build.0 = Debug|Any CPU
		{8E69A6EA-2653-44C2-95FB-CE451BDE0BB8}.Release|Any CPU.ActiveCfg = Release|Any CPU
		{8E69A6EA-2653-44C2-95FB-CE451BDE0BB8}.Release|Any CPU.Build.0 = Release|Any CPU
		{7BD1E00B-EC4F-4DEF-B029-9376E81E9C90}.Debug|Any CPU.ActiveCfg = Debug|Any CPU
		{7BD1E00B-EC4F-4DEF-B029-9376E81E9C90}.Debug|Any CPU.Build.0 = Debug|Any CPU
		{7BD1E00B-EC4F-4DEF-B029-9376E81E9C90}.Release|Any CPU.ActiveCfg = Release|Any CPU
		{7BD1E00B-EC4F-4DEF-B029-9376E81E9C90}.Release|Any CPU.Build.0 = Release|Any CPU
		{C82D972D-E2A1-482D-8173-FD26DB263D6C}.Debug|Any CPU.ActiveCfg = Debug|Any CPU
		{C82D972D-E2A1-482D-8173-FD26DB263D6C}.Debug|Any CPU.Build.0 = Debug|Any CPU
		{C82D972D-E2A1-482D-8173-FD26DB263D6C}.Release|Any CPU.ActiveCfg = Release|Any CPU
		{C82D972D-E2A1-482D-8173-FD26DB263D6C}.Release|Any CPU.Build.0 = Release|Any CPU
		{5676E2D7-9104-4AE0-B29A-D914209CA4D3}.Debug|Any CPU.ActiveCfg = Debug|Any CPU
		{5676E2D7-9104-4AE0-B29A-D914209CA4D3}.Debug|Any CPU.Build.0 = Debug|Any CPU
		{5676E2D7-9104-4AE0-B29A-D914209CA4D3}.Release|Any CPU.ActiveCfg = Release|Any CPU
		{5676E2D7-9104-4AE0-B29A-D914209CA4D3}.Release|Any CPU.Build.0 = Release|Any CPU
		{156ED4BC-EF04-4230-9AED-7E1058130BB5}.Debug|Any CPU.ActiveCfg = Debug|Any CPU
		{156ED4BC-EF04-4230-9AED-7E1058130BB5}.Debug|Any CPU.Build.0 = Debug|Any CPU
		{156ED4BC-EF04-4230-9AED-7E1058130BB5}.Release|Any CPU.ActiveCfg = Release|Any CPU
		{156ED4BC-EF04-4230-9AED-7E1058130BB5}.Release|Any CPU.Build.0 = Release|Any CPU
		{AB75B6D0-0DC0-4E3A-A3A7-320DFB6B09C5}.Debug|Any CPU.ActiveCfg = Debug|Any CPU
		{AB75B6D0-0DC0-4E3A-A3A7-320DFB6B09C5}.Debug|Any CPU.Build.0 = Debug|Any CPU
		{AB75B6D0-0DC0-4E3A-A3A7-320DFB6B09C5}.Release|Any CPU.ActiveCfg = Release|Any CPU
		{AB75B6D0-0DC0-4E3A-A3A7-320DFB6B09C5}.Release|Any CPU.Build.0 = Release|Any CPU
		{601A50B4-E03D-423F-A1FF-99805719C409}.Debug|Any CPU.ActiveCfg = Debug|Any CPU
		{601A50B4-E03D-423F-A1FF-99805719C409}.Debug|Any CPU.Build.0 = Debug|Any CPU
		{601A50B4-E03D-423F-A1FF-99805719C409}.Release|Any CPU.ActiveCfg = Release|Any CPU
		{601A50B4-E03D-423F-A1FF-99805719C409}.Release|Any CPU.Build.0 = Release|Any CPU
	EndGlobalSection
	GlobalSection(SolutionProperties) = preSolution
		HideSolutionNode = FALSE
	EndGlobalSection
	GlobalSection(ExtensibilityGlobals) = postSolution
		SolutionGuid = {95269EBA-DE36-48EC-B57A-05FFFD1BAD44}
	EndGlobalSection
EndGlobal
