
Microsoft Visual Studio Solution File, Format Version 12.00
# Visual Studio Version 17
VisualStudioVersion = 17.4.33103.184
MinimumVisualStudioVersion = 10.0.40219.1
Project("{9A19103F-16F7-4668-BE54-9A1E7A4F7556}") = "NexNet", "NexNet\NexNet.csproj", "{8E69A6EA-2653-44C2-95FB-CE451BDE0BB8}"
EndProject
Project("{9A19103F-16F7-4668-BE54-9A1E7A4F7556}") = "NexNet.IntegrationTests", "NexNet.IntegrationTests\NexNet.IntegrationTests.csproj", "{C82D972D-E2A1-482D-8173-FD26DB263D6C}"
EndProject
Project("{9A19103F-16F7-4668-BE54-9A1E7A4F7556}") = "NexNet.Generator", "NexNet.Generator\NexNet.Generator.csproj", "{5676E2D7-9104-4AE0-B29A-D914209CA4D3}"
EndProject
Project("{9A19103F-16F7-4668-BE54-9A1E7A4F7556}") = "NexNet.Generator.Tests", "NexNet.Generator.Tests\NexNet.Generator.Tests.csproj", "{156ED4BC-EF04-4230-9AED-7E1058130BB5}"
EndProject
Project("{2150E333-8FDC-42A3-9474-1A3956D46DE8}") = "github", "github", "{AFD63E22-F3AE-48D4-91F9-53513F176A46}"
	ProjectSection(SolutionItems) = preProject
		..\.github\workflows\dotnet.yml = ..\.github\workflows\dotnet.yml
		..\README.md = ..\README.md
	EndProjectSection
EndProject
Project("{9A19103F-16F7-4668-BE54-9A1E7A4F7556}") = "NexNet.Quic", "NexNet.Quic\NexNet.Quic.csproj", "{AB75B6D0-0DC0-4E3A-A3A7-320DFB6B09C5}"
EndProject
Project("{2150E333-8FDC-42A3-9474-1A3956D46DE8}") = "Solution Items", "Solution Items", "{4EEEFB00-3BF5-4A0C-8DF6-8B405BD2E2A5}"
	ProjectSection(SolutionItems) = preProject
		NexNet.props = NexNet.props
	EndProjectSection
EndProject
Project("{9A19103F-16F7-4668-BE54-9A1E7A4F7556}") = "NexNetBenchmarks", "NexNetBenchmarks\NexNetBenchmarks.csproj", "{601A50B4-E03D-423F-A1FF-99805719C409}"
EndProject
Project("{FAE04EC0-301F-11D3-BF4B-00C04F79EFBC}") = "NexNet.Asp", "NexNet.Asp\NexNet.Asp.csproj", "{0405FBC4-971D-4793-A53C-1CDBAE9AB47A}"
EndProject
Project("{2150E333-8FDC-42A3-9474-1A3956D46DE8}") = "Samples", "Samples", "{3E4AD9A7-AA5A-4C6A-9BF2-57CC60AE18CE}"
EndProject
Project("{FAE04EC0-301F-11D3-BF4B-00C04F79EFBC}") = "NexNetDemo", "Samples\NexNetDemo\NexNetDemo.csproj", "{10515729-AC70-46EB-8212-2CC2750D1B26}"
EndProject
Project("{FAE04EC0-301F-11D3-BF4B-00C04F79EFBC}") = "NexNetSample.Asp.Shared", "Samples\NexNetSample.Asp.Shared\NexNetSample.Asp.Shared.csproj", "{9B420512-9E4F-492D-AC99-67912BC8A62A}"
EndProject
Project("{FAE04EC0-301F-11D3-BF4B-00C04F79EFBC}") = "NexNetSample.Asp.Server", "Samples\NexNetSample.Asp.Server\NexNetSample.Asp.Server.csproj", "{167E1429-A0B1-4527-B380-93C29222F37B}"
EndProject
Project("{FAE04EC0-301F-11D3-BF4B-00C04F79EFBC}") = "NexNetSample.Asp.Client", "Samples\NexNetSample.Asp.Client\NexNetSample.Asp.Client.csproj", "{2A08A183-A116-432C-A26A-7C4CF3A35871}"
EndProject
Global
	GlobalSection(SolutionConfigurationPlatforms) = preSolution
		Debug|Any CPU = Debug|Any CPU
		Release|Any CPU = Release|Any CPU
		TestDebug|Any CPU = TestDebug|Any CPU
		TestRelease|Any CPU = TestRelease|Any CPU
	EndGlobalSection
	GlobalSection(ProjectConfigurationPlatforms) = postSolution
		{8E69A6EA-2653-44C2-95FB-CE451BDE0BB8}.Debug|Any CPU.ActiveCfg = Debug|Any CPU
		{8E69A6EA-2653-44C2-95FB-CE451BDE0BB8}.Debug|Any CPU.Build.0 = Debug|Any CPU
		{8E69A6EA-2653-44C2-95FB-CE451BDE0BB8}.Release|Any CPU.ActiveCfg = Release|Any CPU
		{8E69A6EA-2653-44C2-95FB-CE451BDE0BB8}.Release|Any CPU.Build.0 = Release|Any CPU
		{8E69A6EA-2653-44C2-95FB-CE451BDE0BB8}.TestDebug|Any CPU.ActiveCfg = TestDebug|Any CPU
		{8E69A6EA-2653-44C2-95FB-CE451BDE0BB8}.TestDebug|Any CPU.Build.0 = TestDebug|Any CPU
		{8E69A6EA-2653-44C2-95FB-CE451BDE0BB8}.TestRelease|Any CPU.ActiveCfg = TestRelease|Any CPU
		{8E69A6EA-2653-44C2-95FB-CE451BDE0BB8}.TestRelease|Any CPU.Build.0 = TestRelease|Any CPU
		{C82D972D-E2A1-482D-8173-FD26DB263D6C}.Debug|Any CPU.ActiveCfg = Debug|Any CPU
		{C82D972D-E2A1-482D-8173-FD26DB263D6C}.Debug|Any CPU.Build.0 = Debug|Any CPU
		{C82D972D-E2A1-482D-8173-FD26DB263D6C}.Release|Any CPU.ActiveCfg = Release|Any CPU
		{C82D972D-E2A1-482D-8173-FD26DB263D6C}.Release|Any CPU.Build.0 = Release|Any CPU
		{C82D972D-E2A1-482D-8173-FD26DB263D6C}.TestDebug|Any CPU.ActiveCfg = Debug|Any CPU
		{C82D972D-E2A1-482D-8173-FD26DB263D6C}.TestDebug|Any CPU.Build.0 = Debug|Any CPU
		{C82D972D-E2A1-482D-8173-FD26DB263D6C}.TestRelease|Any CPU.ActiveCfg = Release|Any CPU
		{C82D972D-E2A1-482D-8173-FD26DB263D6C}.TestRelease|Any CPU.Build.0 = Release|Any CPU
		{5676E2D7-9104-4AE0-B29A-D914209CA4D3}.Debug|Any CPU.ActiveCfg = Debug|Any CPU
		{5676E2D7-9104-4AE0-B29A-D914209CA4D3}.Debug|Any CPU.Build.0 = Debug|Any CPU
		{5676E2D7-9104-4AE0-B29A-D914209CA4D3}.Release|Any CPU.ActiveCfg = Release|Any CPU
		{5676E2D7-9104-4AE0-B29A-D914209CA4D3}.Release|Any CPU.Build.0 = Release|Any CPU
		{5676E2D7-9104-4AE0-B29A-D914209CA4D3}.TestDebug|Any CPU.ActiveCfg = Debug|Any CPU
		{5676E2D7-9104-4AE0-B29A-D914209CA4D3}.TestDebug|Any CPU.Build.0 = Debug|Any CPU
		{5676E2D7-9104-4AE0-B29A-D914209CA4D3}.TestRelease|Any CPU.ActiveCfg = Release|Any CPU
		{5676E2D7-9104-4AE0-B29A-D914209CA4D3}.TestRelease|Any CPU.Build.0 = Release|Any CPU
		{156ED4BC-EF04-4230-9AED-7E1058130BB5}.Debug|Any CPU.ActiveCfg = Debug|Any CPU
		{156ED4BC-EF04-4230-9AED-7E1058130BB5}.Debug|Any CPU.Build.0 = Debug|Any CPU
		{156ED4BC-EF04-4230-9AED-7E1058130BB5}.Release|Any CPU.ActiveCfg = Release|Any CPU
		{156ED4BC-EF04-4230-9AED-7E1058130BB5}.Release|Any CPU.Build.0 = Release|Any CPU
		{156ED4BC-EF04-4230-9AED-7E1058130BB5}.TestDebug|Any CPU.ActiveCfg = Debug|Any CPU
		{156ED4BC-EF04-4230-9AED-7E1058130BB5}.TestDebug|Any CPU.Build.0 = Debug|Any CPU
		{156ED4BC-EF04-4230-9AED-7E1058130BB5}.TestRelease|Any CPU.ActiveCfg = Release|Any CPU
		{156ED4BC-EF04-4230-9AED-7E1058130BB5}.TestRelease|Any CPU.Build.0 = Release|Any CPU
		{AB75B6D0-0DC0-4E3A-A3A7-320DFB6B09C5}.Debug|Any CPU.ActiveCfg = Debug|Any CPU
		{AB75B6D0-0DC0-4E3A-A3A7-320DFB6B09C5}.Debug|Any CPU.Build.0 = Debug|Any CPU
		{AB75B6D0-0DC0-4E3A-A3A7-320DFB6B09C5}.Release|Any CPU.ActiveCfg = Release|Any CPU
		{AB75B6D0-0DC0-4E3A-A3A7-320DFB6B09C5}.Release|Any CPU.Build.0 = Release|Any CPU
		{AB75B6D0-0DC0-4E3A-A3A7-320DFB6B09C5}.TestDebug|Any CPU.ActiveCfg = Debug|Any CPU
		{AB75B6D0-0DC0-4E3A-A3A7-320DFB6B09C5}.TestDebug|Any CPU.Build.0 = Debug|Any CPU
		{AB75B6D0-0DC0-4E3A-A3A7-320DFB6B09C5}.TestRelease|Any CPU.ActiveCfg = Release|Any CPU
		{AB75B6D0-0DC0-4E3A-A3A7-320DFB6B09C5}.TestRelease|Any CPU.Build.0 = Release|Any CPU
		{601A50B4-E03D-423F-A1FF-99805719C409}.Debug|Any CPU.ActiveCfg = Debug|Any CPU
		{601A50B4-E03D-423F-A1FF-99805719C409}.Debug|Any CPU.Build.0 = Debug|Any CPU
		{601A50B4-E03D-423F-A1FF-99805719C409}.Release|Any CPU.ActiveCfg = Release|Any CPU
		{601A50B4-E03D-423F-A1FF-99805719C409}.Release|Any CPU.Build.0 = Release|Any CPU
		{601A50B4-E03D-423F-A1FF-99805719C409}.TestDebug|Any CPU.ActiveCfg = Debug|Any CPU
		{601A50B4-E03D-423F-A1FF-99805719C409}.TestDebug|Any CPU.Build.0 = Debug|Any CPU
		{601A50B4-E03D-423F-A1FF-99805719C409}.TestRelease|Any CPU.ActiveCfg = Release|Any CPU
		{601A50B4-E03D-423F-A1FF-99805719C409}.TestRelease|Any CPU.Build.0 = Release|Any CPU
		{0405FBC4-971D-4793-A53C-1CDBAE9AB47A}.Debug|Any CPU.ActiveCfg = Debug|Any CPU
		{0405FBC4-971D-4793-A53C-1CDBAE9AB47A}.Debug|Any CPU.Build.0 = Debug|Any CPU
		{0405FBC4-971D-4793-A53C-1CDBAE9AB47A}.Release|Any CPU.ActiveCfg = Release|Any CPU
		{0405FBC4-971D-4793-A53C-1CDBAE9AB47A}.Release|Any CPU.Build.0 = Release|Any CPU
		{0405FBC4-971D-4793-A53C-1CDBAE9AB47A}.TestDebug|Any CPU.ActiveCfg = Debug|Any CPU
		{0405FBC4-971D-4793-A53C-1CDBAE9AB47A}.TestDebug|Any CPU.Build.0 = Debug|Any CPU
		{0405FBC4-971D-4793-A53C-1CDBAE9AB47A}.TestRelease|Any CPU.ActiveCfg = Release|Any CPU
		{0405FBC4-971D-4793-A53C-1CDBAE9AB47A}.TestRelease|Any CPU.Build.0 = Release|Any CPU
		{10515729-AC70-46EB-8212-2CC2750D1B26}.Debug|Any CPU.ActiveCfg = Debug|Any CPU
		{10515729-AC70-46EB-8212-2CC2750D1B26}.Debug|Any CPU.Build.0 = Debug|Any CPU
		{10515729-AC70-46EB-8212-2CC2750D1B26}.Release|Any CPU.ActiveCfg = Release|Any CPU
		{10515729-AC70-46EB-8212-2CC2750D1B26}.Release|Any CPU.Build.0 = Release|Any CPU
		{10515729-AC70-46EB-8212-2CC2750D1B26}.TestDebug|Any CPU.ActiveCfg = Debug|Any CPU
		{10515729-AC70-46EB-8212-2CC2750D1B26}.TestDebug|Any CPU.Build.0 = Debug|Any CPU
		{10515729-AC70-46EB-8212-2CC2750D1B26}.TestRelease|Any CPU.ActiveCfg = Release|Any CPU
		{10515729-AC70-46EB-8212-2CC2750D1B26}.TestRelease|Any CPU.Build.0 = Release|Any CPU
		{9B420512-9E4F-492D-AC99-67912BC8A62A}.Debug|Any CPU.ActiveCfg = Debug|Any CPU
		{9B420512-9E4F-492D-AC99-67912BC8A62A}.Debug|Any CPU.Build.0 = Debug|Any CPU
		{9B420512-9E4F-492D-AC99-67912BC8A62A}.Release|Any CPU.ActiveCfg = Release|Any CPU
		{9B420512-9E4F-492D-AC99-67912BC8A62A}.Release|Any CPU.Build.0 = Release|Any CPU
		{9B420512-9E4F-492D-AC99-67912BC8A62A}.TestDebug|Any CPU.ActiveCfg = Debug|Any CPU
		{9B420512-9E4F-492D-AC99-67912BC8A62A}.TestDebug|Any CPU.Build.0 = Debug|Any CPU
		{9B420512-9E4F-492D-AC99-67912BC8A62A}.TestRelease|Any CPU.ActiveCfg = Release|Any CPU
		{9B420512-9E4F-492D-AC99-67912BC8A62A}.TestRelease|Any CPU.Build.0 = Release|Any CPU
		{167E1429-A0B1-4527-B380-93C29222F37B}.Debug|Any CPU.ActiveCfg = Debug|Any CPU
		{167E1429-A0B1-4527-B380-93C29222F37B}.Debug|Any CPU.Build.0 = Debug|Any CPU
		{167E1429-A0B1-4527-B380-93C29222F37B}.Release|Any CPU.ActiveCfg = Release|Any CPU
		{167E1429-A0B1-4527-B380-93C29222F37B}.Release|Any CPU.Build.0 = Release|Any CPU
		{167E1429-A0B1-4527-B380-93C29222F37B}.TestDebug|Any CPU.ActiveCfg = Debug|Any CPU
		{167E1429-A0B1-4527-B380-93C29222F37B}.TestDebug|Any CPU.Build.0 = Debug|Any CPU
		{167E1429-A0B1-4527-B380-93C29222F37B}.TestRelease|Any CPU.ActiveCfg = Release|Any CPU
		{167E1429-A0B1-4527-B380-93C29222F37B}.TestRelease|Any CPU.Build.0 = Release|Any CPU
		{2A08A183-A116-432C-A26A-7C4CF3A35871}.Debug|Any CPU.ActiveCfg = Debug|Any CPU
		{2A08A183-A116-432C-A26A-7C4CF3A35871}.Debug|Any CPU.Build.0 = Debug|Any CPU
		{2A08A183-A116-432C-A26A-7C4CF3A35871}.Release|Any CPU.ActiveCfg = Release|Any CPU
		{2A08A183-A116-432C-A26A-7C4CF3A35871}.Release|Any CPU.Build.0 = Release|Any CPU
		{2A08A183-A116-432C-A26A-7C4CF3A35871}.TestDebug|Any CPU.ActiveCfg = Debug|Any CPU
		{2A08A183-A116-432C-A26A-7C4CF3A35871}.TestDebug|Any CPU.Build.0 = Debug|Any CPU
		{2A08A183-A116-432C-A26A-7C4CF3A35871}.TestRelease|Any CPU.ActiveCfg = Release|Any CPU
		{2A08A183-A116-432C-A26A-7C4CF3A35871}.TestRelease|Any CPU.Build.0 = Release|Any CPU
	EndGlobalSection
	GlobalSection(SolutionProperties) = preSolution
		HideSolutionNode = FALSE
	EndGlobalSection
	GlobalSection(ExtensibilityGlobals) = postSolution
		SolutionGuid = {95269EBA-DE36-48EC-B57A-05FFFD1BAD44}
	EndGlobalSection
	GlobalSection(NestedProjects) = preSolution
		{10515729-AC70-46EB-8212-2CC2750D1B26} = {3E4AD9A7-AA5A-4C6A-9BF2-57CC60AE18CE}
		{9B420512-9E4F-492D-AC99-67912BC8A62A} = {3E4AD9A7-AA5A-4C6A-9BF2-57CC60AE18CE}
		{167E1429-A0B1-4527-B380-93C29222F37B} = {3E4AD9A7-AA5A-4C6A-9BF2-57CC60AE18CE}
		{2A08A183-A116-432C-A26A-7C4CF3A35871} = {3E4AD9A7-AA5A-4C6A-9BF2-57CC60AE18CE}
	EndGlobalSection
EndGlobal
